// !$*UTF8*$!
{
	archiveVersion = 1;
	classes = {
	};
	objectVersion = 50;
	objects = {

/* Begin PBXBuildFile section */
		65E3862425965F8A0084B592 /* AppDelegate.swift in Sources */ = {isa = PBXBuildFile; fileRef = 65E3862325965F8A0084B592 /* AppDelegate.swift */; };
		65E3862625965F8A0084B592 /* SceneDelegate.swift in Sources */ = {isa = PBXBuildFile; fileRef = 65E3862525965F8A0084B592 /* SceneDelegate.swift */; };
		65E3862825965F8A0084B592 /* ViewController.swift in Sources */ = {isa = PBXBuildFile; fileRef = 65E3862725965F8A0084B592 /* ViewController.swift */; };
		65E3862B25965F8A0084B592 /* Main.storyboard in Resources */ = {isa = PBXBuildFile; fileRef = 65E3862925965F8A0084B592 /* Main.storyboard */; };
		65E3862D25965F8D0084B592 /* Assets.xcassets in Resources */ = {isa = PBXBuildFile; fileRef = 65E3862C25965F8D0084B592 /* Assets.xcassets */; };
		65E3863025965F8D0084B592 /* LaunchScreen.storyboard in Resources */ = {isa = PBXBuildFile; fileRef = 65E3862E25965F8D0084B592 /* LaunchScreen.storyboard */; };
		65E3863B25965F8D0084B592 /* PreWork_FinalTests.swift in Sources */ = {isa = PBXBuildFile; fileRef = 65E3863A25965F8D0084B592 /* PreWork_FinalTests.swift */; };
		65E3864625965F8D0084B592 /* PreWork_FinalUITests.swift in Sources */ = {isa = PBXBuildFile; fileRef = 65E3864525965F8D0084B592 /* PreWork_FinalUITests.swift */; };
/* End PBXBuildFile section */

/* Begin PBXContainerItemProxy section */
		65E3863725965F8D0084B592 /* PBXContainerItemProxy */ = {
			isa = PBXContainerItemProxy;
			containerPortal = 65E3861825965F890084B592 /* Project object */;
			proxyType = 1;
			remoteGlobalIDString = 65E3861F25965F890084B592;
			remoteInfo = "PreWork Final";
		};
		65E3864225965F8D0084B592 /* PBXContainerItemProxy */ = {
			isa = PBXContainerItemProxy;
			containerPortal = 65E3861825965F890084B592 /* Project object */;
			proxyType = 1;
			remoteGlobalIDString = 65E3861F25965F890084B592;
			remoteInfo = "PreWork Final";
		};
/* End PBXContainerItemProxy section */

/* Begin PBXFileReference section */
		65E3862025965F890084B592 /* PreWork Final.app */ = {isa = PBXFileReference; explicitFileType = wrapper.application; includeInIndex = 0; path = "PreWork Final.app"; sourceTree = BUILT_PRODUCTS_DIR; };
		65E3862325965F8A0084B592 /* AppDelegate.swift */ = {isa = PBXFileReference; lastKnownFileType = sourcecode.swift; path = AppDelegate.swift; sourceTree = "<group>"; };
		65E3862525965F8A0084B592 /* SceneDelegate.swift */ = {isa = PBXFileReference; lastKnownFileType = sourcecode.swift; path = SceneDelegate.swift; sourceTree = "<group>"; };
		65E3862725965F8A0084B592 /* ViewController.swift */ = {isa = PBXFileReference; lastKnownFileType = sourcecode.swift; path = ViewController.swift; sourceTree = "<group>"; };
		65E3862A25965F8A0084B592 /* Base */ = {isa = PBXFileReference; lastKnownFileType = file.storyboard; name = Base; path = Base.lproj/Main.storyboard; sourceTree = "<group>"; };
		65E3862C25965F8D0084B592 /* Assets.xcassets */ = {isa = PBXFileReference; lastKnownFileType = folder.assetcatalog; path = Assets.xcassets; sourceTree = "<group>"; };
		65E3862F25965F8D0084B592 /* Base */ = {isa = PBXFileReference; lastKnownFileType = file.storyboard; name = Base; path = Base.lproj/LaunchScreen.storyboard; sourceTree = "<group>"; };
		65E3863125965F8D0084B592 /* Info.plist */ = {isa = PBXFileReference; lastKnownFileType = text.plist.xml; path = Info.plist; sourceTree = "<group>"; };
		65E3863625965F8D0084B592 /* PreWork FinalTests.xctest */ = {isa = PBXFileReference; explicitFileType = wrapper.cfbundle; includeInIndex = 0; path = "PreWork FinalTests.xctest"; sourceTree = BUILT_PRODUCTS_DIR; };
		65E3863A25965F8D0084B592 /* PreWork_FinalTests.swift */ = {isa = PBXFileReference; lastKnownFileType = sourcecode.swift; path = PreWork_FinalTests.swift; sourceTree = "<group>"; };
		65E3863C25965F8D0084B592 /* Info.plist */ = {isa = PBXFileReference; lastKnownFileType = text.plist.xml; path = Info.plist; sourceTree = "<group>"; };
		65E3864125965F8D0084B592 /* PreWork FinalUITests.xctest */ = {isa = PBXFileReference; explicitFileType = wrapper.cfbundle; includeInIndex = 0; path = "PreWork FinalUITests.xctest"; sourceTree = BUILT_PRODUCTS_DIR; };
		65E3864525965F8D0084B592 /* PreWork_FinalUITests.swift */ = {isa = PBXFileReference; lastKnownFileType = sourcecode.swift; path = PreWork_FinalUITests.swift; sourceTree = "<group>"; };
		65E3864725965F8D0084B592 /* Info.plist */ = {isa = PBXFileReference; lastKnownFileType = text.plist.xml; path = Info.plist; sourceTree = "<group>"; };
/* End PBXFileReference section */

/* Begin PBXFrameworksBuildPhase section */
		65E3861D25965F890084B592 /* Frameworks */ = {
			isa = PBXFrameworksBuildPhase;
			buildActionMask = 2147483647;
			files = (
			);
			runOnlyForDeploymentPostprocessing = 0;
		};
		65E3863325965F8D0084B592 /* Frameworks */ = {
			isa = PBXFrameworksBuildPhase;
			buildActionMask = 2147483647;
			files = (
			);
			runOnlyForDeploymentPostprocessing = 0;
		};
		65E3863E25965F8D0084B592 /* Frameworks */ = {
			isa = PBXFrameworksBuildPhase;
			buildActionMask = 2147483647;
			files = (
			);
			runOnlyForDeploymentPostprocessing = 0;
		};
/* End PBXFrameworksBuildPhase section */

/* Begin PBXGroup section */
		65E3861725965F890084B592 = {
			isa = PBXGroup;
			children = (
				65E3862225965F890084B592 /* PreWork Final */,
				65E3863925965F8D0084B592 /* PreWork FinalTests */,
				65E3864425965F8D0084B592 /* PreWork FinalUITests */,
				65E3862125965F890084B592 /* Products */,
			);
			sourceTree = "<group>";
		};
		65E3862125965F890084B592 /* Products */ = {
			isa = PBXGroup;
			children = (
				65E3862025965F890084B592 /* PreWork Final.app */,
				65E3863625965F8D0084B592 /* PreWork FinalTests.xctest */,
				65E3864125965F8D0084B592 /* PreWork FinalUITests.xctest */,
			);
			name = Products;
			sourceTree = "<group>";
		};
		65E3862225965F890084B592 /* PreWork Final */ = {
			isa = PBXGroup;
			children = (
				65E3862325965F8A0084B592 /* AppDelegate.swift */,
				65E3862525965F8A0084B592 /* SceneDelegate.swift */,
				65E3862725965F8A0084B592 /* ViewController.swift */,
				65E3862925965F8A0084B592 /* Main.storyboard */,
				65E3862C25965F8D0084B592 /* Assets.xcassets */,
				65E3862E25965F8D0084B592 /* LaunchScreen.storyboard */,
				65E3863125965F8D0084B592 /* Info.plist */,
			);
			path = "PreWork Final";
			sourceTree = "<group>";
		};
		65E3863925965F8D0084B592 /* PreWork FinalTests */ = {
			isa = PBXGroup;
			children = (
				65E3863A25965F8D0084B592 /* PreWork_FinalTests.swift */,
				65E3863C25965F8D0084B592 /* Info.plist */,
			);
			path = "PreWork FinalTests";
			sourceTree = "<group>";
		};
		65E3864425965F8D0084B592 /* PreWork FinalUITests */ = {
			isa = PBXGroup;
			children = (
				65E3864525965F8D0084B592 /* PreWork_FinalUITests.swift */,
				65E3864725965F8D0084B592 /* Info.plist */,
			);
			path = "PreWork FinalUITests";
			sourceTree = "<group>";
		};
/* End PBXGroup section */

/* Begin PBXNativeTarget section */
		65E3861F25965F890084B592 /* PreWork Final */ = {
			isa = PBXNativeTarget;
			buildConfigurationList = 65E3864A25965F8D0084B592 /* Build configuration list for PBXNativeTarget "PreWork Final" */;
			buildPhases = (
				65E3861C25965F890084B592 /* Sources */,
				65E3861D25965F890084B592 /* Frameworks */,
				65E3861E25965F890084B592 /* Resources */,
			);
			buildRules = (
			);
			dependencies = (
			);
			name = "PreWork Final";
			productName = "PreWork Final";
			productReference = 65E3862025965F890084B592 /* PreWork Final.app */;
			productType = "com.apple.product-type.application";
		};
		65E3863525965F8D0084B592 /* PreWork FinalTests */ = {
			isa = PBXNativeTarget;
			buildConfigurationList = 65E3864D25965F8D0084B592 /* Build configuration list for PBXNativeTarget "PreWork FinalTests" */;
			buildPhases = (
				65E3863225965F8D0084B592 /* Sources */,
				65E3863325965F8D0084B592 /* Frameworks */,
				65E3863425965F8D0084B592 /* Resources */,
			);
			buildRules = (
			);
			dependencies = (
				65E3863825965F8D0084B592 /* PBXTargetDependency */,
			);
			name = "PreWork FinalTests";
			productName = "PreWork FinalTests";
			productReference = 65E3863625965F8D0084B592 /* PreWork FinalTests.xctest */;
			productType = "com.apple.product-type.bundle.unit-test";
		};
		65E3864025965F8D0084B592 /* PreWork FinalUITests */ = {
			isa = PBXNativeTarget;
			buildConfigurationList = 65E3865025965F8D0084B592 /* Build configuration list for PBXNativeTarget "PreWork FinalUITests" */;
			buildPhases = (
				65E3863D25965F8D0084B592 /* Sources */,
				65E3863E25965F8D0084B592 /* Frameworks */,
				65E3863F25965F8D0084B592 /* Resources */,
			);
			buildRules = (
			);
			dependencies = (
				65E3864325965F8D0084B592 /* PBXTargetDependency */,
			);
			name = "PreWork FinalUITests";
			productName = "PreWork FinalUITests";
			productReference = 65E3864125965F8D0084B592 /* PreWork FinalUITests.xctest */;
			productType = "com.apple.product-type.bundle.ui-testing";
		};
/* End PBXNativeTarget section */

/* Begin PBXProject section */
		65E3861825965F890084B592 /* Project object */ = {
			isa = PBXProject;
			attributes = {
				LastSwiftUpdateCheck = 1230;
				LastUpgradeCheck = 1230;
				TargetAttributes = {
					65E3861F25965F890084B592 = {
						CreatedOnToolsVersion = 12.3;
					};
					65E3863525965F8D0084B592 = {
						CreatedOnToolsVersion = 12.3;
						TestTargetID = 65E3861F25965F890084B592;
					};
					65E3864025965F8D0084B592 = {
						CreatedOnToolsVersion = 12.3;
						TestTargetID = 65E3861F25965F890084B592;
					};
				};
			};
			buildConfigurationList = 65E3861B25965F890084B592 /* Build configuration list for PBXProject "PreWork Final" */;
			compatibilityVersion = "Xcode 9.3";
			developmentRegion = en;
			hasScannedForEncodings = 0;
			knownRegions = (
				en,
				Base,
			);
			mainGroup = 65E3861725965F890084B592;
			productRefGroup = 65E3862125965F890084B592 /* Products */;
			projectDirPath = "";
			projectRoot = "";
			targets = (
				65E3861F25965F890084B592 /* PreWork Final */,
				65E3863525965F8D0084B592 /* PreWork FinalTests */,
				65E3864025965F8D0084B592 /* PreWork FinalUITests */,
			);
		};
/* End PBXProject section */

/* Begin PBXResourcesBuildPhase section */
		65E3861E25965F890084B592 /* Resources */ = {
			isa = PBXResourcesBuildPhase;
			buildActionMask = 2147483647;
			files = (
				65E3863025965F8D0084B592 /* LaunchScreen.storyboard in Resources */,
				65E3862D25965F8D0084B592 /* Assets.xcassets in Resources */,
				65E3862B25965F8A0084B592 /* Main.storyboard in Resources */,
			);
			runOnlyForDeploymentPostprocessing = 0;
		};
		65E3863425965F8D0084B592 /* Resources */ = {
			isa = PBXResourcesBuildPhase;
			buildActionMask = 2147483647;
			files = (
			);
			runOnlyForDeploymentPostprocessing = 0;
		};
		65E3863F25965F8D0084B592 /* Resources */ = {
			isa = PBXResourcesBuildPhase;
			buildActionMask = 2147483647;
			files = (
			);
			runOnlyForDeploymentPostprocessing = 0;
		};
/* End PBXResourcesBuildPhase section */

/* Begin PBXSourcesBuildPhase section */
		65E3861C25965F890084B592 /* Sources */ = {
			isa = PBXSourcesBuildPhase;
			buildActionMask = 2147483647;
			files = (
				65E3862825965F8A0084B592 /* ViewController.swift in Sources */,
				65E3862425965F8A0084B592 /* AppDelegate.swift in Sources */,
				65E3862625965F8A0084B592 /* SceneDelegate.swift in Sources */,
			);
			runOnlyForDeploymentPostprocessing = 0;
		};
		65E3863225965F8D0084B592 /* Sources */ = {
			isa = PBXSourcesBuildPhase;
			buildActionMask = 2147483647;
			files = (
				65E3863B25965F8D0084B592 /* PreWork_FinalTests.swift in Sources */,
			);
			runOnlyForDeploymentPostprocessing = 0;
		};
		65E3863D25965F8D0084B592 /* Sources */ = {
			isa = PBXSourcesBuildPhase;
			buildActionMask = 2147483647;
			files = (
				65E3864625965F8D0084B592 /* PreWork_FinalUITests.swift in Sources */,
			);
			runOnlyForDeploymentPostprocessing = 0;
		};
/* End PBXSourcesBuildPhase section */

/* Begin PBXTargetDependency section */
		65E3863825965F8D0084B592 /* PBXTargetDependency */ = {
			isa = PBXTargetDependency;
			target = 65E3861F25965F890084B592 /* PreWork Final */;
			targetProxy = 65E3863725965F8D0084B592 /* PBXContainerItemProxy */;
		};
		65E3864325965F8D0084B592 /* PBXTargetDependency */ = {
			isa = PBXTargetDependency;
			target = 65E3861F25965F890084B592 /* PreWork Final */;
			targetProxy = 65E3864225965F8D0084B592 /* PBXContainerItemProxy */;
		};
/* End PBXTargetDependency section */

/* Begin PBXVariantGroup section */
		65E3862925965F8A0084B592 /* Main.storyboard */ = {
			isa = PBXVariantGroup;
			children = (
				65E3862A25965F8A0084B592 /* Base */,
			);
			name = Main.storyboard;
			sourceTree = "<group>";
		};
		65E3862E25965F8D0084B592 /* LaunchScreen.storyboard */ = {
			isa = PBXVariantGroup;
			children = (
				65E3862F25965F8D0084B592 /* Base */,
			);
			name = LaunchScreen.storyboard;
			sourceTree = "<group>";
		};
/* End PBXVariantGroup section */

/* Begin XCBuildConfiguration section */
		65E3864825965F8D0084B592 /* Debug */ = {
			isa = XCBuildConfiguration;
			buildSettings = {
				ALWAYS_SEARCH_USER_PATHS = NO;
				CLANG_ANALYZER_NONNULL = YES;
				CLANG_ANALYZER_NUMBER_OBJECT_CONVERSION = YES_AGGRESSIVE;
				CLANG_CXX_LANGUAGE_STANDARD = "gnu++14";
				CLANG_CXX_LIBRARY = "libc++";
				CLANG_ENABLE_MODULES = YES;
				CLANG_ENABLE_OBJC_ARC = YES;
				CLANG_ENABLE_OBJC_WEAK = YES;
				CLANG_WARN_BLOCK_CAPTURE_AUTORELEASING = YES;
				CLANG_WARN_BOOL_CONVERSION = YES;
				CLANG_WARN_COMMA = YES;
				CLANG_WARN_CONSTANT_CONVERSION = YES;
				CLANG_WARN_DEPRECATED_OBJC_IMPLEMENTATIONS = YES;
				CLANG_WARN_DIRECT_OBJC_ISA_USAGE = YES_ERROR;
				CLANG_WARN_DOCUMENTATION_COMMENTS = YES;
				CLANG_WARN_EMPTY_BODY = YES;
				CLANG_WARN_ENUM_CONVERSION = YES;
				CLANG_WARN_INFINITE_RECURSION = YES;
				CLANG_WARN_INT_CONVERSION = YES;
				CLANG_WARN_NON_LITERAL_NULL_CONVERSION = YES;
				CLANG_WARN_OBJC_IMPLICIT_RETAIN_SELF = YES;
				CLANG_WARN_OBJC_LITERAL_CONVERSION = YES;
				CLANG_WARN_OBJC_ROOT_CLASS = YES_ERROR;
				CLANG_WARN_QUOTED_INCLUDE_IN_FRAMEWORK_HEADER = YES;
				CLANG_WARN_RANGE_LOOP_ANALYSIS = YES;
				CLANG_WARN_STRICT_PROTOTYPES = YES;
				CLANG_WARN_SUSPICIOUS_MOVE = YES;
				CLANG_WARN_UNGUARDED_AVAILABILITY = YES_AGGRESSIVE;
				CLANG_WARN_UNREACHABLE_CODE = YES;
				CLANG_WARN__DUPLICATE_METHOD_MATCH = YES;
				COPY_PHASE_STRIP = NO;
				DEBUG_INFORMATION_FORMAT = dwarf;
				ENABLE_STRICT_OBJC_MSGSEND = YES;
				ENABLE_TESTABILITY = YES;
				GCC_C_LANGUAGE_STANDARD = gnu11;
				GCC_DYNAMIC_NO_PIC = NO;
				GCC_NO_COMMON_BLOCKS = YES;
				GCC_OPTIMIZATION_LEVEL = 0;
				GCC_PREPROCESSOR_DEFINITIONS = (
					"DEBUG=1",
					"$(inherited)",
				);
				GCC_WARN_64_TO_32_BIT_CONVERSION = YES;
				GCC_WARN_ABOUT_RETURN_TYPE = YES_ERROR;
				GCC_WARN_UNDECLARED_SELECTOR = YES;
				GCC_WARN_UNINITIALIZED_AUTOS = YES_AGGRESSIVE;
				GCC_WARN_UNUSED_FUNCTION = YES;
				GCC_WARN_UNUSED_VARIABLE = YES;
				IPHONEOS_DEPLOYMENT_TARGET = 14.3;
				MTL_ENABLE_DEBUG_INFO = INCLUDE_SOURCE;
				MTL_FAST_MATH = YES;
				ONLY_ACTIVE_ARCH = YES;
				SDKROOT = iphoneos;
				SWIFT_ACTIVE_COMPILATION_CONDITIONS = DEBUG;
				SWIFT_OPTIMIZATION_LEVEL = "-Onone";
			};
			name = Debug;
		};
		65E3864925965F8D0084B592 /* Release */ = {
			isa = XCBuildConfiguration;
			buildSettings = {
				ALWAYS_SEARCH_USER_PATHS = NO;
				CLANG_ANALYZER_NONNULL = YES;
				CLANG_ANALYZER_NUMBER_OBJECT_CONVERSION = YES_AGGRESSIVE;
				CLANG_CXX_LANGUAGE_STANDARD = "gnu++14";
				CLANG_CXX_LIBRARY = "libc++";
				CLANG_ENABLE_MODULES = YES;
				CLANG_ENABLE_OBJC_ARC = YES;
				CLANG_ENABLE_OBJC_WEAK = YES;
				CLANG_WARN_BLOCK_CAPTURE_AUTORELEASING = YES;
				CLANG_WARN_BOOL_CONVERSION = YES;
				CLANG_WARN_COMMA = YES;
				CLANG_WARN_CONSTANT_CONVERSION = YES;
				CLANG_WARN_DEPRECATED_OBJC_IMPLEMENTATIONS = YES;
				CLANG_WARN_DIRECT_OBJC_ISA_USAGE = YES_ERROR;
				CLANG_WARN_DOCUMENTATION_COMMENTS = YES;
				CLANG_WARN_EMPTY_BODY = YES;
				CLANG_WARN_ENUM_CONVERSION = YES;
				CLANG_WARN_INFINITE_RECURSION = YES;
				CLANG_WARN_INT_CONVERSION = YES;
				CLANG_WARN_NON_LITERAL_NULL_CONVERSION = YES;
				CLANG_WARN_OBJC_IMPLICIT_RETAIN_SELF = YES;
				CLANG_WARN_OBJC_LITERAL_CONVERSION = YES;
				CLANG_WARN_OBJC_ROOT_CLASS = YES_ERROR;
				CLANG_WARN_QUOTED_INCLUDE_IN_FRAMEWORK_HEADER = YES;
				CLANG_WARN_RANGE_LOOP_ANALYSIS = YES;
				CLANG_WARN_STRICT_PROTOTYPES = YES;
				CLANG_WARN_SUSPICIOUS_MOVE = YES;
				CLANG_WARN_UNGUARDED_AVAILABILITY = YES_AGGRESSIVE;
				CLANG_WARN_UNREACHABLE_CODE = YES;
				CLANG_WARN__DUPLICATE_METHOD_MATCH = YES;
				COPY_PHASE_STRIP = NO;
				DEBUG_INFORMATION_FORMAT = "dwarf-with-dsym";
				ENABLE_NS_ASSERTIONS = NO;
				ENABLE_STRICT_OBJC_MSGSEND = YES;
				GCC_C_LANGUAGE_STANDARD = gnu11;
				GCC_NO_COMMON_BLOCKS = YES;
				GCC_WARN_64_TO_32_BIT_CONVERSION = YES;
				GCC_WARN_ABOUT_RETURN_TYPE = YES_ERROR;
				GCC_WARN_UNDECLARED_SELECTOR = YES;
				GCC_WARN_UNINITIALIZED_AUTOS = YES_AGGRESSIVE;
				GCC_WARN_UNUSED_FUNCTION = YES;
				GCC_WARN_UNUSED_VARIABLE = YES;
				IPHONEOS_DEPLOYMENT_TARGET = 14.3;
				MTL_ENABLE_DEBUG_INFO = NO;
				MTL_FAST_MATH = YES;
				SDKROOT = iphoneos;
				SWIFT_COMPILATION_MODE = wholemodule;
				SWIFT_OPTIMIZATION_LEVEL = "-O";
				VALIDATE_PRODUCT = YES;
			};
			name = Release;
		};
		65E3864B25965F8D0084B592 /* Debug */ = {
			isa = XCBuildConfiguration;
			buildSettings = {
				ASSETCATALOG_COMPILER_APPICON_NAME = AppIcon;
				ASSETCATALOG_COMPILER_GLOBAL_ACCENT_COLOR_NAME = AccentColor;
				CODE_SIGN_STYLE = Automatic;
				INFOPLIST_FILE = "PreWork Final/Info.plist";
				LD_RUNPATH_SEARCH_PATHS = (
					"$(inherited)",
					"@executable_path/Frameworks",
				);
				PRODUCT_BUNDLE_IDENTIFIER = "memo.com.PreWork-Final";
				PRODUCT_NAME = "$(TARGET_NAME)";
				SWIFT_VERSION = 5.0;
				TARGETED_DEVICE_FAMILY = "1,2";
			};
			name = Debug;
		};
		65E3864C25965F8D0084B592 /* Release */ = {
			isa = XCBuildConfiguration;
			buildSettings = {
				ASSETCATALOG_COMPILER_APPICON_NAME = AppIcon;
				ASSETCATALOG_COMPILER_GLOBAL_ACCENT_COLOR_NAME = AccentColor;
				CODE_SIGN_STYLE = Automatic;
				INFOPLIST_FILE = "PreWork Final/Info.plist";
				LD_RUNPATH_SEARCH_PATHS = (
					"$(inherited)",
					"@executable_path/Frameworks",
				);
				PRODUCT_BUNDLE_IDENTIFIER = "memo.com.PreWork-Final";
				PRODUCT_NAME = "$(TARGET_NAME)";
				SWIFT_VERSION = 5.0;
				TARGETED_DEVICE_FAMILY = "1,2";
			};
			name = Release;
		};
		65E3864E25965F8D0084B592 /* Debug */ = {
			isa = XCBuildConfiguration;
			buildSettings = {
				ALWAYS_EMBED_SWIFT_STANDARD_LIBRARIES = YES;
				BUNDLE_LOADER = "$(TEST_HOST)";
				CODE_SIGN_STYLE = Automatic;
				INFOPLIST_FILE = "PreWork FinalTests/Info.plist";
				IPHONEOS_DEPLOYMENT_TARGET = 14.3;
				LD_RUNPATH_SEARCH_PATHS = (
					"$(inherited)",
					"@executable_path/Frameworks",
					"@loader_path/Frameworks",
				);
				PRODUCT_BUNDLE_IDENTIFIER = "memo.com.PreWork-FinalTests";
				PRODUCT_NAME = "$(TARGET_NAME)";
				SWIFT_VERSION = 5.0;
				TARGETED_DEVICE_FAMILY = "1,2";
				TEST_HOST = "$(BUILT_PRODUCTS_DIR)/PreWork Final.app/PreWork Final";
			};
			name = Debug;
		};
		65E3864F25965F8D0084B592 /* Release */ = {
			isa = XCBuildConfiguration;
			buildSettings = {
				ALWAYS_EMBED_SWIFT_STANDARD_LIBRARIES = YES;
				BUNDLE_LOADER = "$(TEST_HOST)";
				CODE_SIGN_STYLE = Automatic;
				INFOPLIST_FILE = "PreWork FinalTests/Info.plist";
				IPHONEOS_DEPLOYMENT_TARGET = 14.3;
				LD_RUNPATH_SEARCH_PATHS = (
					"$(inherited)",
					"@executable_path/Frameworks",
					"@loader_path/Frameworks",
				);
				PRODUCT_BUNDLE_IDENTIFIER = "memo.com.PreWork-FinalTests";
				PRODUCT_NAME = "$(TARGET_NAME)";
				SWIFT_VERSION = 5.0;
				TARGETED_DEVICE_FAMILY = "1,2";
				TEST_HOST = "$(BUILT_PRODUCTS_DIR)/PreWork Final.app/PreWork Final";
			};
			name = Release;
		};
		65E3865125965F8D0084B592 /* Debug */ = {
			isa = XCBuildConfiguration;
			buildSettings = {
				ALWAYS_EMBED_SWIFT_STANDARD_LIBRARIES = YES;
				CODE_SIGN_STYLE = Automatic;
				INFOPLIST_FILE = "PreWork FinalUITests/Info.plist";
				LD_RUNPATH_SEARCH_PATHS = (
					"$(inherited)",
					"@executable_path/Frameworks",
					"@loader_path/Frameworks",
				);
				PRODUCT_BUNDLE_IDENTIFIER = "memo.com.PreWork-FinalUITests";
				PRODUCT_NAME = "$(TARGET_NAME)";
				SWIFT_VERSION = 5.0;
				TARGETED_DEVICE_FAMILY = "1,2";
				TEST_TARGET_NAME = "PreWork Final";
			};
			name = Debug;
		};
		65E3865225965F8D0084B592 /* Release */ = {
			isa = XCBuildConfiguration;
			buildSettings = {
				ALWAYS_EMBED_SWIFT_STANDARD_LIBRARIES = YES;
				CODE_SIGN_STYLE = Automatic;
				INFOPLIST_FILE = "PreWork FinalUITests/Info.plist";
				LD_RUNPATH_SEARCH_PATHS = (
					"$(inherited)",
					"@executable_path/Frameworks",
					"@loader_path/Frameworks",
				);
				PRODUCT_BUNDLE_IDENTIFIER = "memo.com.PreWork-FinalUITests";
				PRODUCT_NAME = "$(TARGET_NAME)";
				SWIFT_VERSION = 5.0;
				TARGETED_DEVICE_FAMILY = "1,2";
				TEST_TARGET_NAME = "PreWork Final";
			};
			name = Release;
		};
/* End XCBuildConfiguration section */

/* Begin XCConfigurationList section */
		65E3861B25965F890084B592 /* Build configuration list for PBXProject "PreWork Final" */ = {
			isa = XCConfigurationList;
			buildConfigurations = (
				65E3864825965F8D0084B592 /* Debug */,
				65E3864925965F8D0084B592 /* Release */,
			);
			defaultConfigurationIsVisible = 0;
			defaultConfigurationName = Release;
		};
		65E3864A25965F8D0084B592 /* Build configuration list for PBXNativeTarget "PreWork Final" */ = {
			isa = XCConfigurationList;
			buildConfigurations = (
				65E3864B25965F8D0084B592 /* Debug */,
				65E3864C25965F8D0084B592 /* Release */,
			);
			defaultConfigurationIsVisible = 0;
			defaultConfigurationName = Release;
		};
		65E3864D25965F8D0084B592 /* Build configuration list for PBXNativeTarget "PreWork FinalTests" */ = {
			isa = XCConfigurationList;
			buildConfigurations = (
				65E3864E25965F8D0084B592 /* Debug */,
				65E3864F25965F8D0084B592 /* Release */,
			);
			defaultConfigurationIsVisible = 0;
			defaultConfigurationName = Release;
		};
		65E3865025965F8D0084B592 /* Build configuration list for PBXNativeTarget "PreWork FinalUITests" */ = {
			isa = XCConfigurationList;
			buildConfigurations = (
				65E3865125965F8D0084B592 /* Debug */,
				65E3865225965F8D0084B592 /* Release */,
			);
			defaultConfigurationIsVisible = 0;
			defaultConfigurationName = Release;
		};
/* End XCConfigurationList section */
	};
	rootObject = 65E3861825965F890084B592 /* Project object */;
}
